{
  "dependencies": {
    "apt": {
      "locked_version": "2.3.4"
    },
    "yum": {
      "locked_version": "3.0.2"
    },
    "java": {
      "locked_version": "1.17.3",
      "git": "git://github.com/socrata-cookbooks/java.git",
      "ref": "e7ac547b5b5415c4e64ec4fb2a652f33b92f7164"
    },
    "build-essential": {
      "locked_version": "1.4.2"
    },
    "dmg": {
      "locked_version": "2.1.2"
    },
    "git": {
      "locked_version": "2.9.0"
    },
    "subversion": {
      "locked_version": "1.1.2"
    },
    "curl": {
      "locked_version": "1.1.0"
    },
    "runit": {
      "locked_version": "1.5.3"
    },
    "ark": {
      "locked_version": "0.4.2"
    },
    "vim": {
      "locked_version": "1.1.1",
      "git": "git://github.com/elgalu/vim.git",
      "ref": "7181f60f93150a8aa6a4d99494464686bd32f73d"
    },
    "apache2": {
      "locked_version": "1.8.14"
    },
    "nginx": {
      "locked_version": "2.2.0"
    },
    "reboot": {
      "locked_version": "0.0.2",
      "git": "git://github.com/elgalu/chef-reboot.git",
      "ref": "f3ba5a7dd540cc5dda678be006e8808ba61a0356"
    },
    "rvm": {
      "locked_version": "0.9.1",
      "git": "git://github.com/elgalu/chef-rvm.git",
      "ref": "5e43aebd882695b4321e4d6e141f4ee2002d5979"
    },
    "ruby_build": {
      "locked_version": "0.8.0"
    },
    "nvm": {
      "locked_version": "0.1.0"
    },
    "jenkins": {
      "locked_version": "1.2.3",
      "git": "git://github.com/elgalu/jenkins-cookbooks.git",
      "ref": "9faf9faee6a9dbdfc78eab90b7c3d05f24bcd206"
    },
    "minitest-handler": {
      "locked_version": "1.1.4"
    },
    "jenkins_box": {
      "locked_version": "0.0.1",
      "path": "."
    },
    "windows": {
      "locked_version": "1.12.4"
    },
    "aws": {
      "locked_version": "1.0.0"
    },
    "yum-epel": {
      "locked_version": "0.2.0"
    },
    "bluepill": {
      "locked_version": "2.3.1"
    },
    "ohai": {
      "locked_version": "1.1.12"
    },
    "chef_handler": {
      "locked_version": "1.1.4"
    },
    "chef_gem": {
      "locked_version": "0.1.0"
    },
    "iptables": {
      "locked_version": "0.12.0"
    },
    "powershell": {
      "locked_version": "1.1.2"
    },
    "rsyslog": {
      "locked_version": "1.10.2"
    }
  }
}
